
Microsoft Visual Studio Solution File, Format Version 12.00
# Visual Studio Version 17
VisualStudioVersion = 17.2.32630.192
MinimumVisualStudioVersion = 10.0.40219.1
Project("{9A19103F-16F7-4668-BE54-9A1E7A4F7556}") = "TopLearn.Web", "TopLearn.Web\TopLearn.Web.csproj", "{BD611D00-D2BF-46A6-A968-373C57EB7343}"
EndProject
Project("{9A19103F-16F7-4668-BE54-9A1E7A4F7556}") = "TopLearn.DataLayer", "TopLearn.DataLayer\TopLearn.DataLayer.csproj", "{56F28F99-4360-4C10-B7CD-CCB86CB8F651}"
EndProject
Project("{9A19103F-16F7-4668-BE54-9A1E7A4F7556}") = "TopLearn.Core", "TopLearn.Core\TopLearn.Core.csproj", "{85AC53E0-D5BD-4BD5-B369-EC9C22BDAD2E}"
EndProject
Global
	GlobalSection(SolutionConfigurationPlatforms) = preSolution
		Debug|Any CPU = Debug|Any CPU
		Release|Any CPU = Release|Any CPU
	EndGlobalSection
	GlobalSection(ProjectConfigurationPlatforms) = postSolution
		{BD611D00-D2BF-46A6-A968-373C57EB7343}.Debug|Any CPU.ActiveCfg = Debug|Any CPU
		{BD611D00-D2BF-46A6-A968-373C57EB7343}.Debug|Any CPU.Build.0 = Debug|Any CPU
		{BD611D00-D2BF-46A6-A968-373C57EB7343}.Release|Any CPU.ActiveCfg = Release|Any CPU
		{BD611D00-D2BF-46A6-A968-373C57EB7343}.Release|Any CPU.Build.0 = Release|Any CPU
		{56F28F99-4360-4C10-B7CD-CCB86CB8F651}.Debug|Any CPU.ActiveCfg = Debug|Any CPU
		{56F28F99-4360-4C10-B7CD-CCB86CB8F651}.Debug|Any CPU.Build.0 = Debug|Any CPU
		{56F28F99-4360-4C10-B7CD-CCB86CB8F651}.Release|Any CPU.ActiveCfg = Release|Any CPU
		{56F28F99-4360-4C10-B7CD-CCB86CB8F651}.Release|Any CPU.Build.0 = Release|Any CPU
		{85AC53E0-D5BD-4BD5-B369-EC9C22BDAD2E}.Debug|Any CPU.ActiveCfg = Debug|Any CPU
		{85AC53E0-D5BD-4BD5-B369-EC9C22BDAD2E}.Debug|Any CPU.Build.0 = Debug|Any CPU
		{85AC53E0-D5BD-4BD5-B369-EC9C22BDAD2E}.Release|Any CPU.ActiveCfg = Release|Any CPU
		{85AC53E0-D5BD-4BD5-B369-EC9C22BDAD2E}.Release|Any CPU.Build.0 = Release|Any CPU
	EndGlobalSection
	GlobalSection(SolutionProperties) = preSolution
		HideSolutionNode = FALSE
	EndGlobalSection
	GlobalSection(ExtensibilityGlobals) = postSolution
		SolutionGuid = {961384AC-E2C9-4929-9F64-C83ABF20A171}
	EndGlobalSection
EndGlobal
