
Microsoft Visual Studio Solution File, Format Version 12.00
# Visual Studio Version 17
VisualStudioVersion = 17.3.32825.248
MinimumVisualStudioVersion = 10.0.40219.1
Project("{FAE04EC0-301F-11D3-BF4B-00C04F79EFBC}") = "Ticketing.Web", "Ticketing.Web\Ticketing.Web.csproj", "{FD7B2969-2D5F-4A0F-B089-D165E336FB40}"
EndProject
Project("{FAE04EC0-301F-11D3-BF4B-00C04F79EFBC}") = "Ticketing.DataLayer", "Ticketing.DataLayer\Ticketing.DataLayer.csproj", "{7713987A-17CF-4AA7-BE5B-136A7A2565B1}"
EndProject
Project("{FAE04EC0-301F-11D3-BF4B-00C04F79EFBC}") = "Ticketing.Core", "Ticketing.Core\Ticketing.Core.csproj", "{968A49E7-1011-4D89-A7CE-9AA4041544E5}"
EndProject
Global
	GlobalSection(SolutionConfigurationPlatforms) = preSolution
		Debug|Any CPU = Debug|Any CPU
		Release|Any CPU = Release|Any CPU
	EndGlobalSection
	GlobalSection(ProjectConfigurationPlatforms) = postSolution
		{FD7B2969-2D5F-4A0F-B089-D165E336FB40}.Debug|Any CPU.ActiveCfg = Debug|Any CPU
		{FD7B2969-2D5F-4A0F-B089-D165E336FB40}.Debug|Any CPU.Build.0 = Debug|Any CPU
		{FD7B2969-2D5F-4A0F-B089-D165E336FB40}.Release|Any CPU.ActiveCfg = Release|Any CPU
		{FD7B2969-2D5F-4A0F-B089-D165E336FB40}.Release|Any CPU.Build.0 = Release|Any CPU
		{7713987A-17CF-4AA7-BE5B-136A7A2565B1}.Debug|Any CPU.ActiveCfg = Debug|Any CPU
		{7713987A-17CF-4AA7-BE5B-136A7A2565B1}.Debug|Any CPU.Build.0 = Debug|Any CPU
		{7713987A-17CF-4AA7-BE5B-136A7A2565B1}.Release|Any CPU.ActiveCfg = Release|Any CPU
		{7713987A-17CF-4AA7-BE5B-136A7A2565B1}.Release|Any CPU.Build.0 = Release|Any CPU
		{968A49E7-1011-4D89-A7CE-9AA4041544E5}.Debug|Any CPU.ActiveCfg = Debug|Any CPU
		{968A49E7-1011-4D89-A7CE-9AA4041544E5}.Debug|Any CPU.Build.0 = Debug|Any CPU
		{968A49E7-1011-4D89-A7CE-9AA4041544E5}.Release|Any CPU.ActiveCfg = Release|Any CPU
		{968A49E7-1011-4D89-A7CE-9AA4041544E5}.Release|Any CPU.Build.0 = Release|Any CPU
	EndGlobalSection
	GlobalSection(SolutionProperties) = preSolution
		HideSolutionNode = FALSE
	EndGlobalSection
	GlobalSection(ExtensibilityGlobals) = postSolution
		SolutionGuid = {46368FD0-86E5-4F3F-ACC2-3BE8E621C0D2}
	EndGlobalSection
EndGlobal
